
Microsoft Visual Studio Solution File, Format Version 12.00
# Visual Studio Version 17
VisualStudioVersion = 17.6.33723.286
MinimumVisualStudioVersion = 10.0.40219.1
Project("{FAE04EC0-301F-11D3-BF4B-00C04F79EFBC}") = "BuggerKingEvent_Macro", "BuggerKingEvent_Macro\BuggerKingEvent_Macro.csproj", "{DAEAAD77-4427-4494-A144-504BC849F2E3}"
EndProject
Global
	GlobalSection(SolutionConfigurationPlatforms) = preSolution
		Debug|Any CPU = Debug|Any CPU
		Debug|x64 = Debug|x64
		Release|Any CPU = Release|Any CPU
		Release|x64 = Release|x64
	EndGlobalSection
	GlobalSection(ProjectConfigurationPlatforms) = postSolution
		{DAEAAD77-4427-4494-A144-504BC849F2E3}.Debug|Any CPU.ActiveCfg = Debug|Any CPU
		{DAEAAD77-4427-4494-A144-504BC849F2E3}.Debug|Any CPU.Build.0 = Debug|Any CPU
		{DAEAAD77-4427-4494-A144-504BC849F2E3}.Debug|x64.ActiveCfg = Debug|x64
		{DAEAAD77-4427-4494-A144-504BC849F2E3}.Debug|x64.Build.0 = Debug|x64
		{DAEAAD77-4427-4494-A144-504BC849F2E3}.Release|Any CPU.ActiveCfg = Release|Any CPU
		{DAEAAD77-4427-4494-A144-504BC849F2E3}.Release|Any CPU.Build.0 = Release|Any CPU
		{DAEAAD77-4427-4494-A144-504BC849F2E3}.Release|x64.ActiveCfg = Release|x64
		{DAEAAD77-4427-4494-A144-504BC849F2E3}.Release|x64.Build.0 = Release|x64
	EndGlobalSection
	GlobalSection(SolutionProperties) = preSolution
		HideSolutionNode = FALSE
	EndGlobalSection
	GlobalSection(ExtensibilityGlobals) = postSolution
		SolutionGuid = {56864B2A-9A0D-4344-9872-7E1F7F0535DD}
	EndGlobalSection
EndGlobal
